
Microsoft Visual Studio Solution File, Format Version 12.00
# Visual Studio Version 17
VisualStudioVersion = 17.14.36202.13
MinimumVisualStudioVersion = 10.0.40219.1
Project("{FAE04EC0-301F-11D3-BF4B-00C04F79EFBC}") = "FuncionarioWeb", "FuncionarioWeb\FuncionarioWeb.csproj", "{CF8BC75C-A9CF-4909-996B-C1043A58E7B2}"
EndProject
Project("{2150E333-8FDC-42A3-9474-1A3956D46DE8}") = ".github", ".github", "{02EA681E-C7D8-13C7-8484-4AC65E1B71E8}"
EndProject
Project("{2150E333-8FDC-42A3-9474-1A3956D46DE8}") = "workflows", "workflows", "{52825638-630A-4722-A85E-172A94E89876}"
	ProjectSection(SolutionItems) = preProject
		dotnet.yml = dotnet.yml
	EndProjectSection
EndProject
Global
	GlobalSection(SolutionConfigurationPlatforms) = preSolution
		Debug|Any CPU = Debug|Any CPU
		Release|Any CPU = Release|Any CPU
	EndGlobalSection
	GlobalSection(ProjectConfigurationPlatforms) = postSolution
		{CF8BC75C-A9CF-4909-996B-C1043A58E7B2}.Debug|Any CPU.ActiveCfg = Debug|Any CPU
		{CF8BC75C-A9CF-4909-996B-C1043A58E7B2}.Debug|Any CPU.Build.0 = Debug|Any CPU
		{CF8BC75C-A9CF-4909-996B-C1043A58E7B2}.Release|Any CPU.ActiveCfg = Release|Any CPU
		{CF8BC75C-A9CF-4909-996B-C1043A58E7B2}.Release|Any CPU.Build.0 = Release|Any CPU
	EndGlobalSection
	GlobalSection(SolutionProperties) = preSolution
		HideSolutionNode = FALSE
	EndGlobalSection
	GlobalSection(NestedProjects) = preSolution
		{52825638-630A-4722-A85E-172A94E89876} = {02EA681E-C7D8-13C7-8484-4AC65E1B71E8}
	EndGlobalSection
	GlobalSection(ExtensibilityGlobals) = postSolution
		SolutionGuid = {9C2BAD1E-941A-47AD-A31C-017B7046F241}
	EndGlobalSection
EndGlobal
